
Microsoft Visual Studio Solution File, Format Version 12.00
# Visual Studio Version 16
VisualStudioVersion = 16.0.32802.440
MinimumVisualStudioVersion = 10.0.40219.1
Project("{FAE04EC0-301F-11D3-BF4B-00C04F79EFBC}") = "WebBanGiay", "WebBanGiay.csproj", "{1F589E9D-8B7B-4531-AEC4-16D830485C7A}"
EndProject
Project("{FAE04EC0-301F-11D3-BF4B-00C04F79EFBC}") = "Lib.Utils.Package", "Lib.Utils.Package\Lib.Utils.Package.csproj", "{A0CC3AB7-162F-491C-AA68-F8D24C4E21CF}"
EndProject
Global
	GlobalSection(SolutionConfigurationPlatforms) = preSolution
		Debug|Any CPU = Debug|Any CPU
		Release|Any CPU = Release|Any CPU
	EndGlobalSection
	GlobalSection(ProjectConfigurationPlatforms) = postSolution
		{1F589E9D-8B7B-4531-AEC4-16D830485C7A}.Debug|Any CPU.ActiveCfg = Debug|Any CPU
		{1F589E9D-8B7B-4531-AEC4-16D830485C7A}.Debug|Any CPU.Build.0 = Debug|Any CPU
		{1F589E9D-8B7B-4531-AEC4-16D830485C7A}.Release|Any CPU.ActiveCfg = Release|Any CPU
		{1F589E9D-8B7B-4531-AEC4-16D830485C7A}.Release|Any CPU.Build.0 = Release|Any CPU
		{A0CC3AB7-162F-491C-AA68-F8D24C4E21CF}.Debug|Any CPU.ActiveCfg = Debug|Any CPU
		{A0CC3AB7-162F-491C-AA68-F8D24C4E21CF}.Debug|Any CPU.Build.0 = Debug|Any CPU
		{A0CC3AB7-162F-491C-AA68-F8D24C4E21CF}.Release|Any CPU.ActiveCfg = Release|Any CPU
		{A0CC3AB7-162F-491C-AA68-F8D24C4E21CF}.Release|Any CPU.Build.0 = Release|Any CPU
	EndGlobalSection
	GlobalSection(SolutionProperties) = preSolution
		HideSolutionNode = FALSE
	EndGlobalSection
	GlobalSection(ExtensibilityGlobals) = postSolution
		SolutionGuid = {92BD16F2-04F6-41F0-A09D-F2A662E2095B}
	EndGlobalSection
EndGlobal
